
Microsoft Visual Studio Solution File, Format Version 12.00
# Visual Studio 15
VisualStudioVersion = 15.0.28307.136
MinimumVisualStudioVersion = 10.0.40219.1
Project("{9A19103F-16F7-4668-BE54-9A1E7A4F7556}") = "HungerGame", "HungerGame\HungerGame.csproj", "{FF672B5D-930D-46C1-BD96-F5684566D7FB}"
EndProject
Global
	GlobalSection(SolutionConfigurationPlatforms) = preSolution
		Debug|Any CPU = Debug|Any CPU
		Release|Any CPU = Release|Any CPU
	EndGlobalSection
	GlobalSection(ProjectConfigurationPlatforms) = postSolution
		{FF672B5D-930D-46C1-BD96-F5684566D7FB}.Debug|Any CPU.ActiveCfg = Debug|Any CPU
		{FF672B5D-930D-46C1-BD96-F5684566D7FB}.Debug|Any CPU.Build.0 = Debug|Any CPU
		{FF672B5D-930D-46C1-BD96-F5684566D7FB}.Release|Any CPU.ActiveCfg = Release|Any CPU
		{FF672B5D-930D-46C1-BD96-F5684566D7FB}.Release|Any CPU.Build.0 = Release|Any CPU
	EndGlobalSection
	GlobalSection(SolutionProperties) = preSolution
		HideSolutionNode = FALSE
	EndGlobalSection
	GlobalSection(ExtensibilityGlobals) = postSolution
		SolutionGuid = {3F3ECB9D-2C13-42EA-9A78-09C17499C07D}
	EndGlobalSection
EndGlobal
